PODS:
  - CocoaLumberjack (2.4.0):
    - CocoaLumberjack/Default (= 2.4.0)
    - CocoaLumberjack/Extensions (= 2.4.0)
  - CocoaLumberjack/Core (2.4.0)
  - CocoaLumberjack/Default (2.4.0):
    - CocoaLumberjack/Core
  - CocoaLumberjack/Extensions (2.4.0):
    - CocoaLumberjack/Default
  - Flutter (1.0.0)
  - FMDB/SQLCipher (2.7.5):
    - SQLCipher
  - path_provider_ios (0.0.1):
    - Flutter
  - salesforce (6.2.0):
    - Flutter
    - SalesforceAnalytics (~> 6.2.0)
    - SalesforceSDKCore (~> 6.2.0)
    - SmartStore (~> 6.2.0)
    - SmartSync (~> 6.2.0)
  - SalesforceAnalytics (6.2.0):
    - SalesforceAnalytics/SalesforceAnalytics (= 6.2.0)
  - SalesforceAnalytics/SalesforceAnalytics (6.2.0):
    - CocoaLumberjack (~> 2.4.0)
  - SalesforceSDKCore (6.2.0):
    - SalesforceSDKCore/SalesforceSDKCore (= 6.2.0)
  - SalesforceSDKCore/SalesforceSDKCore (6.2.0):
    - SalesforceAnalytics
    - SalesforceSDKCore/SalesforceSDKCore/arc (= 6.2.0)
    - SalesforceSDKCore/SalesforceSDKCore/base (= 6.2.0)
    - SalesforceSDKCore/SalesforceSDKCore/no-arc (= 6.2.0)
  - SalesforceSDKCore/SalesforceSDKCore/arc (6.2.0):
    - SalesforceAnalytics
    - SalesforceSDKCore/SalesforceSDKCore/base
    - SalesforceSDKCore/SalesforceSDKCore/no-arc
  - SalesforceSDKCore/SalesforceSDKCore/base (6.2.0):
    - SalesforceAnalytics
  - SalesforceSDKCore/SalesforceSDKCore/no-arc (6.2.0):
    - SalesforceAnalytics
    - SalesforceSDKCore/SalesforceSDKCore/base
  - shared_preferences_ios (0.0.1):
    - Flutter
  - SmartStore (6.2.0):
    - SmartStore/SmartStore (= 6.2.0)
  - SmartStore/SmartStore (6.2.0):
    - FMDB/SQLCipher (~> 2.7.2)
    - SalesforceSDKCore
    - SQLCipher/fts (~> 3.4.1)
  - SmartSync (6.2.0):
    - SmartSync/SmartSync (= 6.2.0)
  - SmartSync/SmartSync (6.2.0):
    - SalesforceSDKCore
    - SmartStore
  - SQLCipher (3.4.2):
    - SQLCipher/standard (= 3.4.2)
  - SQLCipher/common (3.4.2)
  - SQLCipher/fts (3.4.2):
    - SQLCipher/common
  - SQLCipher/standard (3.4.2):
    - SQLCipher/common
  - url_launcher_ios (0.0.1):
    - Flutter
  - webview_flutter_wkwebview (0.0.1):
    - Flutter

DEPENDENCIES:
  - Flutter (from `Flutter`)
  - path_provider_ios (from `.symlinks/plugins/path_provider_ios/ios`)
  - salesforce (from `.symlinks/plugins/salesforce/ios`)
  - shared_preferences_ios (from `.symlinks/plugins/shared_preferences_ios/ios`)
  - url_launcher_ios (from `.symlinks/plugins/url_launcher_ios/ios`)
  - webview_flutter_wkwebview (from `.symlinks/plugins/webview_flutter_wkwebview/ios`)

SPEC REPOS:
  https://github.com/forcedotcom/SalesforceMobileSDK-iOS-Specs.git:
    - SalesforceSDKCore
    - SmartStore
    - SmartSync
  trunk:
    - CocoaLumberjack
    - FMDB
    - SalesforceAnalytics
    - SQLCipher

EXTERNAL SOURCES:
  Flutter:
    :path: Flutter
  path_provider_ios:
    :path: ".symlinks/plugins/path_provider_ios/ios"
  salesforce:
    :path: ".symlinks/plugins/salesforce/ios"
  shared_preferences_ios:
    :path: ".symlinks/plugins/shared_preferences_ios/ios"
  url_launcher_ios:
    :path: ".symlinks/plugins/url_launcher_ios/ios"
  webview_flutter_wkwebview:
    :path: ".symlinks/plugins/webview_flutter_wkwebview/ios"

SPEC CHECKSUMS:
  CocoaLumberjack: aa9dcab71bdf9eaf2a63bbd9ddc87863efe45457
  Flutter: 50d75fe2f02b26cc09d224853bb45737f8b3214a
  FMDB: 2ce00b547f966261cd18927a3ddb07cb6f3db82a
  path_provider_ios: 7d7ce634493af4477d156294792024ec3485acd5
  salesforce: 747fcae84f94dd89531e064d9d15ee665feeab1b
  SalesforceAnalytics: ed87e0cc85901114d38e48fea4b4f7bb0685d629
  SalesforceSDKCore: fd9c9ae15609796308d22e8e2fdeb3cb43b06ccf
  shared_preferences_ios: aef470a42dc4675a1cdd50e3158b42e3d1232b32
  SmartStore: 7d6c420b7aa6050ed0aed65e9a163ad12b1550f4
  SmartSync: 1604bbb47e111d6f08dd5272dc52d65afaf94abe
  SQLCipher: f9fcf29b2e59ced7defc2a2bdd0ebe79b40d4990
  url_launcher_ios: 02f1989d4e14e998335b02b67a7590fa34f971af
  webview_flutter_wkwebview: 005fbd90c888a42c5690919a1527ecc6649e1162

PODFILE CHECKSUM: 25017e4367ee42177c240aa9f2e816d8bb0ad84b

COCOAPODS: 1.11.2
